
Microsoft Visual Studio Solution File, Format Version 12.00
# Visual Studio Version 16
VisualStudioVersion = 16.0.31005.135
MinimumVisualStudioVersion = 10.0.40219.1
Project("{FAE04EC0-301F-11D3-BF4B-00C04F79EFBC}") = "FortuneCookie", "FortuneCookie.csproj", "{3D976040-0DA5-44DE-A1BF-B82B2292F0F7}"
EndProject
Global
	GlobalSection(SolutionConfigurationPlatforms) = preSolution
		Debug|Any CPU = Debug|Any CPU
		Release|Any CPU = Release|Any CPU
	EndGlobalSection
	GlobalSection(ProjectConfigurationPlatforms) = postSolution
		{3D976040-0DA5-44DE-A1BF-B82B2292F0F7}.Debug|Any CPU.ActiveCfg = Debug|Any CPU
		{3D976040-0DA5-44DE-A1BF-B82B2292F0F7}.Debug|Any CPU.Build.0 = Debug|Any CPU
		{3D976040-0DA5-44DE-A1BF-B82B2292F0F7}.Release|Any CPU.ActiveCfg = Release|Any CPU
		{3D976040-0DA5-44DE-A1BF-B82B2292F0F7}.Release|Any CPU.Build.0 = Release|Any CPU
	EndGlobalSection
	GlobalSection(SolutionProperties) = preSolution
		HideSolutionNode = FALSE
	EndGlobalSection
	GlobalSection(ExtensibilityGlobals) = postSolution
		SolutionGuid = {A534B591-F209-4F69-AAB9-FA282F64EA31}
	EndGlobalSection
EndGlobal
