
Microsoft Visual Studio Solution File, Format Version 12.00
# Visual Studio Version 16
VisualStudioVersion = 16.0.31005.135
MinimumVisualStudioVersion = 10.0.40219.1
Project("{FAE04EC0-301F-11D3-BF4B-00C04F79EFBC}") = "BarelyControlledChaos", "BarelyControlledChaos.csproj", "{01FB98B7-DC40-4F19-A759-366F9B131CA6}"
EndProject
Global
	GlobalSection(SolutionConfigurationPlatforms) = preSolution
		Debug|Any CPU = Debug|Any CPU
		Release|Any CPU = Release|Any CPU
	EndGlobalSection
	GlobalSection(ProjectConfigurationPlatforms) = postSolution
		{01FB98B7-DC40-4F19-A759-366F9B131CA6}.Debug|Any CPU.ActiveCfg = Debug|Any CPU
		{01FB98B7-DC40-4F19-A759-366F9B131CA6}.Debug|Any CPU.Build.0 = Debug|Any CPU
		{01FB98B7-DC40-4F19-A759-366F9B131CA6}.Release|Any CPU.ActiveCfg = Release|Any CPU
		{01FB98B7-DC40-4F19-A759-366F9B131CA6}.Release|Any CPU.Build.0 = Release|Any CPU
	EndGlobalSection
	GlobalSection(SolutionProperties) = preSolution
		HideSolutionNode = FALSE
	EndGlobalSection
	GlobalSection(ExtensibilityGlobals) = postSolution
		SolutionGuid = {E8FA9EB3-153B-4F16-8640-7FDEE83EE874}
	EndGlobalSection
EndGlobal
