
Microsoft Visual Studio Solution File, Format Version 12.00
# Visual Studio Version 16
VisualStudioVersion = 16.0.31005.135
MinimumVisualStudioVersion = 10.0.40219.1
Project("{FAE04EC0-301F-11D3-BF4B-00C04F79EFBC}") = "FlooringMastery.UI", "FlooringMastery.UI\FlooringMastery.UI.csproj", "{BBD40EE6-A858-415C-97A3-3CE4E5BFC412}"
EndProject
Project("{FAE04EC0-301F-11D3-BF4B-00C04F79EFBC}") = "FlooringMastery.BLL", "FlooringMastery.BLL\FlooringMastery.BLL.csproj", "{29F57899-78BB-41D2-95D8-0B621F538405}"
EndProject
Project("{FAE04EC0-301F-11D3-BF4B-00C04F79EFBC}") = "FlooringMastery.Models", "FlooringMastery.Models\FlooringMastery.Models.csproj", "{AB59C6AB-97E5-46D7-AFFA-AC65D6177249}"
EndProject
Project("{FAE04EC0-301F-11D3-BF4B-00C04F79EFBC}") = "FlooringMastery.Data", "FlooringMastery.Data\FlooringMastery.Data.csproj", "{CD87B9A2-775D-47C0-A5CF-E6CA46EAED76}"
EndProject
Project("{FAE04EC0-301F-11D3-BF4B-00C04F79EFBC}") = "FlooringMastery.Tests", "FlooringMastery.Tests\FlooringMastery.Tests.csproj", "{5C440405-C28C-4B77-B018-27D4BECB505C}"
EndProject
Global
	GlobalSection(SolutionConfigurationPlatforms) = preSolution
		Debug|Any CPU = Debug|Any CPU
		Release|Any CPU = Release|Any CPU
	EndGlobalSection
	GlobalSection(ProjectConfigurationPlatforms) = postSolution
		{BBD40EE6-A858-415C-97A3-3CE4E5BFC412}.Debug|Any CPU.ActiveCfg = Debug|Any CPU
		{BBD40EE6-A858-415C-97A3-3CE4E5BFC412}.Debug|Any CPU.Build.0 = Debug|Any CPU
		{BBD40EE6-A858-415C-97A3-3CE4E5BFC412}.Release|Any CPU.ActiveCfg = Release|Any CPU
		{BBD40EE6-A858-415C-97A3-3CE4E5BFC412}.Release|Any CPU.Build.0 = Release|Any CPU
		{29F57899-78BB-41D2-95D8-0B621F538405}.Debug|Any CPU.ActiveCfg = Debug|Any CPU
		{29F57899-78BB-41D2-95D8-0B621F538405}.Debug|Any CPU.Build.0 = Debug|Any CPU
		{29F57899-78BB-41D2-95D8-0B621F538405}.Release|Any CPU.ActiveCfg = Release|Any CPU
		{29F57899-78BB-41D2-95D8-0B621F538405}.Release|Any CPU.Build.0 = Release|Any CPU
		{AB59C6AB-97E5-46D7-AFFA-AC65D6177249}.Debug|Any CPU.ActiveCfg = Debug|Any CPU
		{AB59C6AB-97E5-46D7-AFFA-AC65D6177249}.Debug|Any CPU.Build.0 = Debug|Any CPU
		{AB59C6AB-97E5-46D7-AFFA-AC65D6177249}.Release|Any CPU.ActiveCfg = Release|Any CPU
		{AB59C6AB-97E5-46D7-AFFA-AC65D6177249}.Release|Any CPU.Build.0 = Release|Any CPU
		{CD87B9A2-775D-47C0-A5CF-E6CA46EAED76}.Debug|Any CPU.ActiveCfg = Debug|Any CPU
		{CD87B9A2-775D-47C0-A5CF-E6CA46EAED76}.Debug|Any CPU.Build.0 = Debug|Any CPU
		{CD87B9A2-775D-47C0-A5CF-E6CA46EAED76}.Release|Any CPU.ActiveCfg = Release|Any CPU
		{CD87B9A2-775D-47C0-A5CF-E6CA46EAED76}.Release|Any CPU.Build.0 = Release|Any CPU
		{5C440405-C28C-4B77-B018-27D4BECB505C}.Debug|Any CPU.ActiveCfg = Debug|Any CPU
		{5C440405-C28C-4B77-B018-27D4BECB505C}.Debug|Any CPU.Build.0 = Debug|Any CPU
		{5C440405-C28C-4B77-B018-27D4BECB505C}.Release|Any CPU.ActiveCfg = Release|Any CPU
		{5C440405-C28C-4B77-B018-27D4BECB505C}.Release|Any CPU.Build.0 = Release|Any CPU
	EndGlobalSection
	GlobalSection(SolutionProperties) = preSolution
		HideSolutionNode = FALSE
	EndGlobalSection
	GlobalSection(ExtensibilityGlobals) = postSolution
		SolutionGuid = {1EC91E68-9F26-4B9D-9FA8-0FA0F0F3D4B8}
	EndGlobalSection
EndGlobal
