
Microsoft Visual Studio Solution File, Format Version 12.00
# Visual Studio Version 16
VisualStudioVersion = 16.0.31005.135
MinimumVisualStudioVersion = 10.0.40219.1
Project("{FAE04EC0-301F-11D3-BF4B-00C04F79EFBC}") = "BirthStones", "BirthStones.csproj", "{27BBF0C9-9965-4211-B9FD-C564DABC0F1E}"
EndProject
Global
	GlobalSection(SolutionConfigurationPlatforms) = preSolution
		Debug|Any CPU = Debug|Any CPU
		Release|Any CPU = Release|Any CPU
	EndGlobalSection
	GlobalSection(ProjectConfigurationPlatforms) = postSolution
		{27BBF0C9-9965-4211-B9FD-C564DABC0F1E}.Debug|Any CPU.ActiveCfg = Debug|Any CPU
		{27BBF0C9-9965-4211-B9FD-C564DABC0F1E}.Debug|Any CPU.Build.0 = Debug|Any CPU
		{27BBF0C9-9965-4211-B9FD-C564DABC0F1E}.Release|Any CPU.ActiveCfg = Release|Any CPU
		{27BBF0C9-9965-4211-B9FD-C564DABC0F1E}.Release|Any CPU.Build.0 = Release|Any CPU
	EndGlobalSection
	GlobalSection(SolutionProperties) = preSolution
		HideSolutionNode = FALSE
	EndGlobalSection
	GlobalSection(ExtensibilityGlobals) = postSolution
		SolutionGuid = {3B099F9D-581B-4647-9A49-ECC0C5FAC72A}
	EndGlobalSection
EndGlobal
