
Microsoft Visual Studio Solution File, Format Version 12.00
# Visual Studio Version 16
VisualStudioVersion = 16.0.31005.135
MinimumVisualStudioVersion = 10.0.40219.1
Project("{FAE04EC0-301F-11D3-BF4B-00C04F79EFBC}") = "LovesMe", "LovesMe.csproj", "{EE941E6F-2C32-43F6-91FC-48838BEF071B}"
EndProject
Global
	GlobalSection(SolutionConfigurationPlatforms) = preSolution
		Debug|Any CPU = Debug|Any CPU
		Release|Any CPU = Release|Any CPU
	EndGlobalSection
	GlobalSection(ProjectConfigurationPlatforms) = postSolution
		{EE941E6F-2C32-43F6-91FC-48838BEF071B}.Debug|Any CPU.ActiveCfg = Debug|Any CPU
		{EE941E6F-2C32-43F6-91FC-48838BEF071B}.Debug|Any CPU.Build.0 = Debug|Any CPU
		{EE941E6F-2C32-43F6-91FC-48838BEF071B}.Release|Any CPU.ActiveCfg = Release|Any CPU
		{EE941E6F-2C32-43F6-91FC-48838BEF071B}.Release|Any CPU.Build.0 = Release|Any CPU
	EndGlobalSection
	GlobalSection(SolutionProperties) = preSolution
		HideSolutionNode = FALSE
	EndGlobalSection
	GlobalSection(ExtensibilityGlobals) = postSolution
		SolutionGuid = {5F5FCC6A-3E20-47FD-A36E-A209840F45B6}
	EndGlobalSection
EndGlobal
