
Microsoft Visual Studio Solution File, Format Version 12.00
# Visual Studio Version 16
VisualStudioVersion = 16.0.31005.135
MinimumVisualStudioVersion = 10.0.40219.1
Project("{FAE04EC0-301F-11D3-BF4B-00C04F79EFBC}") = "ForAndTwentyBlackbirds", "ForAndTwentyBlackbirds.csproj", "{3BE0543A-2BCE-48C8-9E7C-E3181CA1A8A7}"
EndProject
Global
	GlobalSection(SolutionConfigurationPlatforms) = preSolution
		Debug|Any CPU = Debug|Any CPU
		Release|Any CPU = Release|Any CPU
	EndGlobalSection
	GlobalSection(ProjectConfigurationPlatforms) = postSolution
		{3BE0543A-2BCE-48C8-9E7C-E3181CA1A8A7}.Debug|Any CPU.ActiveCfg = Debug|Any CPU
		{3BE0543A-2BCE-48C8-9E7C-E3181CA1A8A7}.Debug|Any CPU.Build.0 = Debug|Any CPU
		{3BE0543A-2BCE-48C8-9E7C-E3181CA1A8A7}.Release|Any CPU.ActiveCfg = Release|Any CPU
		{3BE0543A-2BCE-48C8-9E7C-E3181CA1A8A7}.Release|Any CPU.Build.0 = Release|Any CPU
	EndGlobalSection
	GlobalSection(SolutionProperties) = preSolution
		HideSolutionNode = FALSE
	EndGlobalSection
	GlobalSection(ExtensibilityGlobals) = postSolution
		SolutionGuid = {F3F4A1A9-E3A4-48B3-AA03-312802E0F38F}
	EndGlobalSection
EndGlobal
