
Microsoft Visual Studio Solution File, Format Version 12.00
# Visual Studio Version 16
VisualStudioVersion = 16.0.31005.135
MinimumVisualStudioVersion = 10.0.40219.1
Project("{FAE04EC0-301F-11D3-BF4B-00C04F79EFBC}") = "Opinionator", "Opinionator.csproj", "{CCAA024F-0E27-4FC2-B7F3-974BC4FB76C6}"
EndProject
Global
	GlobalSection(SolutionConfigurationPlatforms) = preSolution
		Debug|Any CPU = Debug|Any CPU
		Release|Any CPU = Release|Any CPU
	EndGlobalSection
	GlobalSection(ProjectConfigurationPlatforms) = postSolution
		{CCAA024F-0E27-4FC2-B7F3-974BC4FB76C6}.Debug|Any CPU.ActiveCfg = Debug|Any CPU
		{CCAA024F-0E27-4FC2-B7F3-974BC4FB76C6}.Debug|Any CPU.Build.0 = Debug|Any CPU
		{CCAA024F-0E27-4FC2-B7F3-974BC4FB76C6}.Release|Any CPU.ActiveCfg = Release|Any CPU
		{CCAA024F-0E27-4FC2-B7F3-974BC4FB76C6}.Release|Any CPU.Build.0 = Release|Any CPU
	EndGlobalSection
	GlobalSection(SolutionProperties) = preSolution
		HideSolutionNode = FALSE
	EndGlobalSection
	GlobalSection(ExtensibilityGlobals) = postSolution
		SolutionGuid = {FFE4A161-E608-41A1-ABB6-85A4220D1422}
	EndGlobalSection
EndGlobal
