
Microsoft Visual Studio Solution File, Format Version 12.00
# Visual Studio Version 16
VisualStudioVersion = 16.0.31005.135
MinimumVisualStudioVersion = 10.0.40219.1
Project("{FAE04EC0-301F-11D3-BF4B-00C04F79EFBC}") = "GuessingGame.BLL", "GuessingGame.BLL\GuessingGame.BLL.csproj", "{470A0D4D-37B7-43D4-BBF6-2EF9958808DF}"
EndProject
Project("{FAE04EC0-301F-11D3-BF4B-00C04F79EFBC}") = "GuessingGame.Tests", "GuessingGame.Tests\GuessingGame.Tests.csproj", "{35B3BE71-60F5-438E-A0A4-7339385CF2A2}"
EndProject
Project("{FAE04EC0-301F-11D3-BF4B-00C04F79EFBC}") = "GuessingGame.UI", "GuessingGame.UI\GuessingGame.UI.csproj", "{A053387F-DB0D-4880-8159-F7F721AD623F}"
EndProject
Global
	GlobalSection(SolutionConfigurationPlatforms) = preSolution
		Debug|Any CPU = Debug|Any CPU
		Release|Any CPU = Release|Any CPU
	EndGlobalSection
	GlobalSection(ProjectConfigurationPlatforms) = postSolution
		{470A0D4D-37B7-43D4-BBF6-2EF9958808DF}.Debug|Any CPU.ActiveCfg = Debug|Any CPU
		{470A0D4D-37B7-43D4-BBF6-2EF9958808DF}.Debug|Any CPU.Build.0 = Debug|Any CPU
		{470A0D4D-37B7-43D4-BBF6-2EF9958808DF}.Release|Any CPU.ActiveCfg = Release|Any CPU
		{470A0D4D-37B7-43D4-BBF6-2EF9958808DF}.Release|Any CPU.Build.0 = Release|Any CPU
		{35B3BE71-60F5-438E-A0A4-7339385CF2A2}.Debug|Any CPU.ActiveCfg = Debug|Any CPU
		{35B3BE71-60F5-438E-A0A4-7339385CF2A2}.Debug|Any CPU.Build.0 = Debug|Any CPU
		{35B3BE71-60F5-438E-A0A4-7339385CF2A2}.Release|Any CPU.ActiveCfg = Release|Any CPU
		{35B3BE71-60F5-438E-A0A4-7339385CF2A2}.Release|Any CPU.Build.0 = Release|Any CPU
		{A053387F-DB0D-4880-8159-F7F721AD623F}.Debug|Any CPU.ActiveCfg = Debug|Any CPU
		{A053387F-DB0D-4880-8159-F7F721AD623F}.Debug|Any CPU.Build.0 = Debug|Any CPU
		{A053387F-DB0D-4880-8159-F7F721AD623F}.Release|Any CPU.ActiveCfg = Release|Any CPU
		{A053387F-DB0D-4880-8159-F7F721AD623F}.Release|Any CPU.Build.0 = Release|Any CPU
	EndGlobalSection
	GlobalSection(SolutionProperties) = preSolution
		HideSolutionNode = FALSE
	EndGlobalSection
	GlobalSection(ExtensibilityGlobals) = postSolution
		SolutionGuid = {0D08EFA0-709A-466D-8BB6-62F5BFB739C9}
	EndGlobalSection
EndGlobal
