
Microsoft Visual Studio Solution File, Format Version 12.00
# Visual Studio Version 16
VisualStudioVersion = 16.0.31005.135
MinimumVisualStudioVersion = 10.0.40219.1
Project("{FAE04EC0-301F-11D3-BF4B-00C04F79EFBC}") = "HighRoller", "HighRoller.csproj", "{0381F565-5E4A-4F8A-824D-9F36EE2E2B2E}"
EndProject
Global
	GlobalSection(SolutionConfigurationPlatforms) = preSolution
		Debug|Any CPU = Debug|Any CPU
		Release|Any CPU = Release|Any CPU
	EndGlobalSection
	GlobalSection(ProjectConfigurationPlatforms) = postSolution
		{0381F565-5E4A-4F8A-824D-9F36EE2E2B2E}.Debug|Any CPU.ActiveCfg = Debug|Any CPU
		{0381F565-5E4A-4F8A-824D-9F36EE2E2B2E}.Debug|Any CPU.Build.0 = Debug|Any CPU
		{0381F565-5E4A-4F8A-824D-9F36EE2E2B2E}.Release|Any CPU.ActiveCfg = Release|Any CPU
		{0381F565-5E4A-4F8A-824D-9F36EE2E2B2E}.Release|Any CPU.Build.0 = Release|Any CPU
	EndGlobalSection
	GlobalSection(SolutionProperties) = preSolution
		HideSolutionNode = FALSE
	EndGlobalSection
	GlobalSection(ExtensibilityGlobals) = postSolution
		SolutionGuid = {8F3D0D20-411C-48F9-B2F0-228F1412FA69}
	EndGlobalSection
EndGlobal
